
Microsoft Visual Studio Solution File, Format Version 12.00
# Visual Studio Version 17
VisualStudioVersion = 17.0.32014.148
MinimumVisualStudioVersion = 10.0.40219.1
Project("{FAE04EC0-301F-11D3-BF4B-00C04F79EFBC}") = "TesteUpdate", "TesteUpdate\TesteUpdate.csproj", "{1A44CFA1-E120-4DB1-B468-CECF6FC079DE}"
EndProject
Global
	GlobalSection(SolutionConfigurationPlatforms) = preSolution
		Debug|Any CPU = Debug|Any CPU
		Release|Any CPU = Release|Any CPU
	EndGlobalSection
	GlobalSection(ProjectConfigurationPlatforms) = postSolution
		{1A44CFA1-E120-4DB1-B468-CECF6FC079DE}.Debug|Any CPU.ActiveCfg = Debug|Any CPU
		{1A44CFA1-E120-4DB1-B468-CECF6FC079DE}.Debug|Any CPU.Build.0 = Debug|Any CPU
		{1A44CFA1-E120-4DB1-B468-CECF6FC079DE}.Release|Any CPU.ActiveCfg = Release|Any CPU
		{1A44CFA1-E120-4DB1-B468-CECF6FC079DE}.Release|Any CPU.Build.0 = Release|Any CPU
	EndGlobalSection
	GlobalSection(SolutionProperties) = preSolution
		HideSolutionNode = FALSE
	EndGlobalSection
	GlobalSection(ExtensibilityGlobals) = postSolution
		SolutionGuid = {2BE054EF-6464-4E7F-8B74-C65286E8448F}
	EndGlobalSection
EndGlobal
